
Microsoft Visual Studio Solution File, Format Version 12.00
# Visual Studio 14
VisualStudioVersion = 14.0.23107.0
MinimumVisualStudioVersion = 10.0.40219.1
Project("{FAE04EC0-301F-11D3-BF4B-00C04F79EFBC}") = "ConsoleShift", "ConsoleShift.csproj", "{DF200713-ABAE-4A31-B2C2-0553D4FB3901}"
EndProject
Global
	GlobalSection(SolutionConfigurationPlatforms) = preSolution
		Debug|Any CPU = Debug|Any CPU
		Release|Any CPU = Release|Any CPU
	EndGlobalSection
	GlobalSection(ProjectConfigurationPlatforms) = postSolution
		{DF200713-ABAE-4A31-B2C2-0553D4FB3901}.Debug|Any CPU.ActiveCfg = Debug|Any CPU
		{DF200713-ABAE-4A31-B2C2-0553D4FB3901}.Debug|Any CPU.Build.0 = Debug|Any CPU
		{DF200713-ABAE-4A31-B2C2-0553D4FB3901}.Release|Any CPU.ActiveCfg = Release|Any CPU
		{DF200713-ABAE-4A31-B2C2-0553D4FB3901}.Release|Any CPU.Build.0 = Release|Any CPU
	EndGlobalSection
	GlobalSection(SolutionProperties) = preSolution
		HideSolutionNode = FALSE
	EndGlobalSection
EndGlobal
