
Microsoft Visual Studio Solution File, Format Version 12.00
# Visual Studio 14
VisualStudioVersion = 14.0.23107.0
MinimumVisualStudioVersion = 10.0.40219.1
Project("{FAE04EC0-301F-11D3-BF4B-00C04F79EFBC}") = "ConsoleGetMax", "ConsoleGetMax.csproj", "{CFFC0239-16B2-4395-B1EF-7D466F7DC125}"
EndProject
Global
	GlobalSection(SolutionConfigurationPlatforms) = preSolution
		Debug|Any CPU = Debug|Any CPU
		Release|Any CPU = Release|Any CPU
	EndGlobalSection
	GlobalSection(ProjectConfigurationPlatforms) = postSolution
		{CFFC0239-16B2-4395-B1EF-7D466F7DC125}.Debug|Any CPU.ActiveCfg = Debug|Any CPU
		{CFFC0239-16B2-4395-B1EF-7D466F7DC125}.Debug|Any CPU.Build.0 = Debug|Any CPU
		{CFFC0239-16B2-4395-B1EF-7D466F7DC125}.Release|Any CPU.ActiveCfg = Release|Any CPU
		{CFFC0239-16B2-4395-B1EF-7D466F7DC125}.Release|Any CPU.Build.0 = Release|Any CPU
	EndGlobalSection
	GlobalSection(SolutionProperties) = preSolution
		HideSolutionNode = FALSE
	EndGlobalSection
EndGlobal
